
Microsoft Visual Studio Solution File, Format Version 12.00
# Visual Studio 15
VisualStudioVersion = 15.0.28307.1267
MinimumVisualStudioVersion = 10.0.40219.1
Project("{8BC9CEB8-8B4A-11D0-8D11-00A0C91BC942}") = "Lab9", "Lab9\Lab9.vcxproj", "{543012F4-CEEF-430F-B46D-BB11105C5721}"
EndProject
Global
	GlobalSection(SolutionConfigurationPlatforms) = preSolution
		Debug|x64 = Debug|x64
		Debug|x86 = Debug|x86
		Release|x64 = Release|x64
		Release|x86 = Release|x86
	EndGlobalSection
	GlobalSection(ProjectConfigurationPlatforms) = postSolution
		{543012F4-CEEF-430F-B46D-BB11105C5721}.Debug|x64.ActiveCfg = Debug|x64
		{543012F4-CEEF-430F-B46D-BB11105C5721}.Debug|x64.Build.0 = Debug|x64
		{543012F4-CEEF-430F-B46D-BB11105C5721}.Debug|x86.ActiveCfg = Debug|Win32
		{543012F4-CEEF-430F-B46D-BB11105C5721}.Debug|x86.Build.0 = Debug|Win32
		{543012F4-CEEF-430F-B46D-BB11105C5721}.Release|x64.ActiveCfg = Release|x64
		{543012F4-CEEF-430F-B46D-BB11105C5721}.Release|x64.Build.0 = Release|x64
		{543012F4-CEEF-430F-B46D-BB11105C5721}.Release|x86.ActiveCfg = Release|Win32
		{543012F4-CEEF-430F-B46D-BB11105C5721}.Release|x86.Build.0 = Release|Win32
	EndGlobalSection
	GlobalSection(SolutionProperties) = preSolution
		HideSolutionNode = FALSE
	EndGlobalSection
	GlobalSection(ExtensibilityGlobals) = postSolution
		SolutionGuid = {3BA7F327-463C-42A8-89FF-4AC544677C28}
	EndGlobalSection
EndGlobal
